
Microsoft Visual Studio Solution File, Format Version 12.00
# Visual Studio 15
VisualStudioVersion = 15.0.28010.2050
MinimumVisualStudioVersion = 10.0.40219.1
Project("{E24C65DC-7377-472B-9ABA-BC803B73C61A}") = "BookShopUI", "BookShopUI\", "{C51B0372-325D-49D1-9826-566FE520403E}"
	ProjectSection(WebsiteProperties) = preProject
		TargetFrameworkMoniker = ".NETFramework,Version%3Dv4.0"
		ProjectReferences = "{7ba8a605-59e0-4e17-8403-56c4ac28a39f}|BookShopBLL.dll;{bf774d27-0767-4347-80e3-ad4dc7e67c4b}|BookShopDAL.dll;"
		Debug.AspNetCompiler.VirtualPath = "/localhost_51160"
		Debug.AspNetCompiler.PhysicalPath = "BookShopUI\"
		Debug.AspNetCompiler.TargetPath = "PrecompiledWeb\localhost_51160\"
		Debug.AspNetCompiler.Updateable = "true"
		Debug.AspNetCompiler.ForceOverwrite = "true"
		Debug.AspNetCompiler.FixedNames = "false"
		Debug.AspNetCompiler.Debug = "True"
		Release.AspNetCompiler.VirtualPath = "/localhost_51160"
		Release.AspNetCompiler.PhysicalPath = "BookShopUI\"
		Release.AspNetCompiler.TargetPath = "PrecompiledWeb\localhost_51160\"
		Release.AspNetCompiler.Updateable = "true"
		Release.AspNetCompiler.ForceOverwrite = "true"
		Release.AspNetCompiler.FixedNames = "false"
		Release.AspNetCompiler.Debug = "False"
		VWDPort = "51160"
		SlnRelativePath = "BookShopUI\"
		DefaultWebSiteLanguage = "Visual C#"
	EndProjectSection
EndProject
Project("{FAE04EC0-301F-11D3-BF4B-00C04F79EFBC}") = "BookShopBLL", "BookShopBLL\BookShopBLL.csproj", "{7BA8A605-59E0-4E17-8403-56C4AC28A39F}"
EndProject
Project("{FAE04EC0-301F-11D3-BF4B-00C04F79EFBC}") = "BookShopDAL", "BookShopDAL\BookShopDAL.csproj", "{BF774D27-0767-4347-80E3-AD4DC7E67C4B}"
EndProject
Global
	GlobalSection(SolutionConfigurationPlatforms) = preSolution
		Debug|Any CPU = Debug|Any CPU
		Release|Any CPU = Release|Any CPU
	EndGlobalSection
	GlobalSection(ProjectConfigurationPlatforms) = postSolution
		{C51B0372-325D-49D1-9826-566FE520403E}.Debug|Any CPU.ActiveCfg = Debug|Any CPU
		{C51B0372-325D-49D1-9826-566FE520403E}.Debug|Any CPU.Build.0 = Debug|Any CPU
		{C51B0372-325D-49D1-9826-566FE520403E}.Release|Any CPU.ActiveCfg = Debug|Any CPU
		{C51B0372-325D-49D1-9826-566FE520403E}.Release|Any CPU.Build.0 = Debug|Any CPU
		{7BA8A605-59E0-4E17-8403-56C4AC28A39F}.Debug|Any CPU.ActiveCfg = Debug|Any CPU
		{7BA8A605-59E0-4E17-8403-56C4AC28A39F}.Debug|Any CPU.Build.0 = Debug|Any CPU
		{7BA8A605-59E0-4E17-8403-56C4AC28A39F}.Release|Any CPU.ActiveCfg = Release|Any CPU
		{7BA8A605-59E0-4E17-8403-56C4AC28A39F}.Release|Any CPU.Build.0 = Release|Any CPU
		{BF774D27-0767-4347-80E3-AD4DC7E67C4B}.Debug|Any CPU.ActiveCfg = Debug|Any CPU
		{BF774D27-0767-4347-80E3-AD4DC7E67C4B}.Debug|Any CPU.Build.0 = Debug|Any CPU
		{BF774D27-0767-4347-80E3-AD4DC7E67C4B}.Release|Any CPU.ActiveCfg = Release|Any CPU
		{BF774D27-0767-4347-80E3-AD4DC7E67C4B}.Release|Any CPU.Build.0 = Release|Any CPU
	EndGlobalSection
	GlobalSection(SolutionProperties) = preSolution
		HideSolutionNode = FALSE
	EndGlobalSection
	GlobalSection(ExtensibilityGlobals) = postSolution
		SolutionGuid = {034F1BEB-C9D6-4E15-94D8-747AEBD422F3}
	EndGlobalSection
EndGlobal
